
Microsoft Visual Studio Solution File, Format Version 12.00
# Visual Studio Version 16
VisualStudioVersion = 16.0.30011.22
MinimumVisualStudioVersion = 10.0.40219.1
Project("{FAE04EC0-301F-11D3-BF4B-00C04F79EFBC}") = "Presentacion", "Diseño de personajes\Presentacion.csproj", "{97859FC3-9454-4B71-8812-4F8C9AAC2209}"
EndProject
Global
	GlobalSection(SolutionConfigurationPlatforms) = preSolution
		Debug|Any CPU = Debug|Any CPU
		Debug|ARM = Debug|ARM
		Debug|ARM64 = Debug|ARM64
		Debug|x64 = Debug|x64
		Debug|x86 = Debug|x86
		Release|Any CPU = Release|Any CPU
		Release|ARM = Release|ARM
		Release|ARM64 = Release|ARM64
		Release|x64 = Release|x64
		Release|x86 = Release|x86
	EndGlobalSection
	GlobalSection(ProjectConfigurationPlatforms) = postSolution
		{97859FC3-9454-4B71-8812-4F8C9AAC2209}.Debug|Any CPU.ActiveCfg = Debug|Any CPU
		{97859FC3-9454-4B71-8812-4F8C9AAC2209}.Debug|Any CPU.Build.0 = Debug|Any CPU
		{97859FC3-9454-4B71-8812-4F8C9AAC2209}.Debug|ARM.ActiveCfg = Debug|Any CPU
		{97859FC3-9454-4B71-8812-4F8C9AAC2209}.Debug|ARM.Build.0 = Debug|Any CPU
		{97859FC3-9454-4B71-8812-4F8C9AAC2209}.Debug|ARM64.ActiveCfg = Debug|Any CPU
		{97859FC3-9454-4B71-8812-4F8C9AAC2209}.Debug|ARM64.Build.0 = Debug|Any CPU
		{97859FC3-9454-4B71-8812-4F8C9AAC2209}.Debug|x64.ActiveCfg = Debug|Any CPU
		{97859FC3-9454-4B71-8812-4F8C9AAC2209}.Debug|x64.Build.0 = Debug|Any CPU
		{97859FC3-9454-4B71-8812-4F8C9AAC2209}.Debug|x86.ActiveCfg = Debug|Any CPU
		{97859FC3-9454-4B71-8812-4F8C9AAC2209}.Debug|x86.Build.0 = Debug|Any CPU
		{97859FC3-9454-4B71-8812-4F8C9AAC2209}.Release|Any CPU.ActiveCfg = Release|Any CPU
		{97859FC3-9454-4B71-8812-4F8C9AAC2209}.Release|Any CPU.Build.0 = Release|Any CPU
		{97859FC3-9454-4B71-8812-4F8C9AAC2209}.Release|ARM.ActiveCfg = Release|Any CPU
		{97859FC3-9454-4B71-8812-4F8C9AAC2209}.Release|ARM.Build.0 = Release|Any CPU
		{97859FC3-9454-4B71-8812-4F8C9AAC2209}.Release|ARM64.ActiveCfg = Release|Any CPU
		{97859FC3-9454-4B71-8812-4F8C9AAC2209}.Release|ARM64.Build.0 = Release|Any CPU
		{97859FC3-9454-4B71-8812-4F8C9AAC2209}.Release|x64.ActiveCfg = Release|Any CPU
		{97859FC3-9454-4B71-8812-4F8C9AAC2209}.Release|x64.Build.0 = Release|Any CPU
		{97859FC3-9454-4B71-8812-4F8C9AAC2209}.Release|x86.ActiveCfg = Release|Any CPU
		{97859FC3-9454-4B71-8812-4F8C9AAC2209}.Release|x86.Build.0 = Release|Any CPU
	EndGlobalSection
	GlobalSection(SolutionProperties) = preSolution
		HideSolutionNode = FALSE
	EndGlobalSection
	GlobalSection(ExtensibilityGlobals) = postSolution
		SolutionGuid = {4BBBCD1E-336E-44D7-95A1-C53BFE6F1C95}
	EndGlobalSection
EndGlobal
